
Microsoft Visual Studio Solution File, Format Version 12.00
# Visual Studio Version 17
VisualStudioVersion = 17.2.32526.322
MinimumVisualStudioVersion = 10.0.40219.1
Project("{888888A0-9F3D-457C-B088-3A5042F75D52}") = "PDESolver_NonLinear", "PDESolver_NonLinear\PDESolver_NonLinear.pyproj", "{3FEAD502-DA02-4370-8FEA-A73D2F950800}"
EndProject
Global
	GlobalSection(SolutionConfigurationPlatforms) = preSolution
		Debug|Any CPU = Debug|Any CPU
		Release|Any CPU = Release|Any CPU
	EndGlobalSection
	GlobalSection(ProjectConfigurationPlatforms) = postSolution
		{3FEAD502-DA02-4370-8FEA-A73D2F950800}.Debug|Any CPU.ActiveCfg = Debug|Any CPU
		{3FEAD502-DA02-4370-8FEA-A73D2F950800}.Release|Any CPU.ActiveCfg = Release|Any CPU
	EndGlobalSection
	GlobalSection(SolutionProperties) = preSolution
		HideSolutionNode = FALSE
	EndGlobalSection
	GlobalSection(ExtensibilityGlobals) = postSolution
		SolutionGuid = {92A60BCE-792B-4C4F-80C0-5CE7AB61976F}
	EndGlobalSection
EndGlobal
